
Microsoft Visual Studio Solution File, Format Version 12.00
# Visual Studio Version 16
VisualStudioVersion = 16.0.29306.81
MinimumVisualStudioVersion = 10.0.40219.1
Project("{FAE04EC0-301F-11D3-BF4B-00C04F79EFBC}") = "Classes", "Classes.csproj", "{5660E22D-2EC4-4722-AFD9-3E3993A9BD38}"
EndProject
Global
	GlobalSection(SolutionConfigurationPlatforms) = preSolution
		Debug|Any CPU = Debug|Any CPU
		Release|Any CPU = Release|Any CPU
	EndGlobalSection
	GlobalSection(ProjectConfigurationPlatforms) = postSolution
		{5660E22D-2EC4-4722-AFD9-3E3993A9BD38}.Debug|Any CPU.ActiveCfg = Debug|Any CPU
		{5660E22D-2EC4-4722-AFD9-3E3993A9BD38}.Debug|Any CPU.Build.0 = Debug|Any CPU
		{5660E22D-2EC4-4722-AFD9-3E3993A9BD38}.Release|Any CPU.ActiveCfg = Release|Any CPU
		{5660E22D-2EC4-4722-AFD9-3E3993A9BD38}.Release|Any CPU.Build.0 = Release|Any CPU
	EndGlobalSection
	GlobalSection(SolutionProperties) = preSolution
		HideSolutionNode = FALSE
	EndGlobalSection
	GlobalSection(ExtensibilityGlobals) = postSolution
		SolutionGuid = {34E9B2C4-88FE-4E35-926B-4890843516AE}
	EndGlobalSection
EndGlobal
